<?xml version="1.0" encoding="utf-8"?>
<Project ToolsVersion="4.0" xmlns="http://schemas.microsoft.com/developer/msbuild/2003">
  <ItemGroup>
    <Filter Include="Source Files">
      <UniqueIdentifier>{4FC737F1-C7A5-4376-A066-2A32D752A2FF}</UniqueIdentifier>
      <Extensions>cpp;cxx;c;def</Extensions>
    </Filter>
    <Filter Include="Header Files">
      <UniqueIdentifier>{93995380-89BD-4b04-88EB-625FBE52EBFB}</UniqueIdentifier>
      <Extensions>h</Extensions>
    </Filter>
    <Filter Include="Form Files">
      <UniqueIdentifier>{99349809-55BA-4b9d-BF79-8FDBB0286EB3}</UniqueIdentifier>
      <Extensions>ui</Extensions>
    </Filter>
    <Filter Include="Resource Files">
      <UniqueIdentifier>{D9D6E242-F8AF-46E4-B9FD-80ECBC20BA3E}</UniqueIdentifier>
      <Extensions>qrc;*</Extensions>
      <ParseFiles>false</ParseFiles>
    </Filter>
    <Filter Include="Generated Files">
      <UniqueIdentifier>{71ED8ED8-ACB9-4CE9-BBE1-E00B30144E11}</UniqueIdentifier>
      <Extensions>moc;h;cpp</Extensions>
      <SourceControlFiles>False</SourceControlFiles>
    </Filter>
    <Filter Include="Generated Files\Debug">
      <UniqueIdentifier>{65b847a8-c853-48ae-b1d8-dc5814684796}</UniqueIdentifier>
      <Extensions>cpp;moc</Extensions>
      <SourceControlFiles>False</SourceControlFiles>
    </Filter>
    <Filter Include="Generated Files\Release">
      <UniqueIdentifier>{c7fea986-7510-4296-a902-285c1cdecadb}</UniqueIdentifier>
      <Extensions>cpp;moc</Extensions>
      <SourceControlFiles>False</SourceControlFiles>
    </Filter>
  </ItemGroup>
  <ItemGroup>
    <ClCompile Include="main.cpp">
      <Filter>Source Files</Filter>
    </ClCompile>
    <ClCompile Include="qtinterfaceinspector.cpp">
      <Filter>Source Files</Filter>
    </ClCompile>
    <ClCompile Include="process.cpp">
      <Filter>Source Files</Filter>
    </ClCompile>
    <ClCompile Include="GeneratedFiles\Debug\moc_qtinterfaceinspector.cpp">
      <Filter>Generated Files\Debug</Filter>
    </ClCompile>
    <ClCompile Include="GeneratedFiles\Release\moc_qtinterfaceinspector.cpp">
      <Filter>Generated Files\Release</Filter>
    </ClCompile>
    <ClCompile Include="qtprocessfinder.cpp">
      <Filter>Source Files</Filter>
    </ClCompile>
    <ClCompile Include="processlistdialog.cpp">
      <Filter>Source Files</Filter>
    </ClCompile>
    <ClCompile Include="GeneratedFiles\Debug\moc_processlistdialog.cpp">
      <Filter>Generated Files\Debug</Filter>
    </ClCompile>
    <ClCompile Include="GeneratedFiles\Release\moc_processlistdialog.cpp">
      <Filter>Generated Files\Release</Filter>
    </ClCompile>
    <ClCompile Include="processlistitem.cpp">
      <Filter>Source Files</Filter>
    </ClCompile>
    <ClCompile Include="dllinjector.cpp">
      <Filter>Source Files</Filter>
    </ClCompile>
    <ClCompile Include="investigation.cpp">
      <Filter>Source Files</Filter>
    </ClCompile>
    <ClCompile Include="GeneratedFiles\Debug\moc_dllinjector.cpp">
      <Filter>Generated Files\Debug</Filter>
    </ClCompile>
    <ClCompile Include="GeneratedFiles\Debug\moc_investigation.cpp">
      <Filter>Generated Files\Debug</Filter>
    </ClCompile>
    <ClCompile Include="GeneratedFiles\Release\moc_dllinjector.cpp">
      <Filter>Generated Files\Release</Filter>
    </ClCompile>
    <ClCompile Include="GeneratedFiles\Release\moc_investigation.cpp">
      <Filter>Generated Files\Release</Filter>
    </ClCompile>
    <ClCompile Include="GeneratedFiles\qrc_qtinterfaceinspector.cpp">
      <Filter>Generated Files</Filter>
    </ClCompile>
    <ClCompile Include="GeneratedFiles\qrc_style.cpp">
      <Filter>Generated Files</Filter>
    </ClCompile>
  </ItemGroup>
  <ItemGroup>
    <CustomBuild Include="qtinterfaceinspector.h">
      <Filter>Header Files</Filter>
    </CustomBuild>
    <CustomBuild Include="processlistdialog.ui">
      <Filter>Form Files</Filter>
    </CustomBuild>
    <CustomBuild Include="processlistdialog.h">
      <Filter>Header Files</Filter>
    </CustomBuild>
    <CustomBuild Include="dllinjector.h">
      <Filter>Header Files</Filter>
    </CustomBuild>
    <CustomBuild Include="investigation.h">
      <Filter>Header Files</Filter>
    </CustomBuild>
    <CustomBuild Include="..\QDarkStyleSheet\style.qrc">
      <Filter>Resource Files</Filter>
    </CustomBuild>
    <CustomBuild Include="Resources\qtinterfaceinspector.qrc">
      <Filter>Resource Files</Filter>
    </CustomBuild>
  </ItemGroup>
  <ItemGroup>
    <ClInclude Include="process.h">
      <Filter>Header Files</Filter>
    </ClInclude>
    <ClInclude Include="qtprocessfinder.h">
      <Filter>Header Files</Filter>
    </ClInclude>
    <ClInclude Include="GeneratedFiles\ui_processlistdialog.h">
      <Filter>Generated Files</Filter>
    </ClInclude>
    <ClInclude Include="processlistitem.h">
      <Filter>Header Files</Filter>
    </ClInclude>
  </ItemGroup>
  <ItemGroup>
    <Image Include="..\QDarkStyleSheet\up_arrow_disabled.png">
      <Filter>Resource Files</Filter>
    </Image>
    <Image Include="..\QDarkStyleSheet\Hmovetoolbar.png">
      <Filter>Resource Files</Filter>
    </Image>
    <Image Include="..\QDarkStyleSheet\stylesheet-branch-end.png">
      <Filter>Resource Files</Filter>
    </Image>
    <Image Include="..\QDarkStyleSheet\branch_closed-on.png">
      <Filter>Resource Files</Filter>
    </Image>
    <Image Include="..\QDarkStyleSheet\stylesheet-vline.png">
      <Filter>Resource Files</Filter>
    </Image>
    <Image Include="..\QDarkStyleSheet\branch_closed.png">
      <Filter>Resource Files</Filter>
    </Image>
    <Image Include="..\QDarkStyleSheet\branch_open-on.png">
      <Filter>Resource Files</Filter>
    </Image>
    <Image Include="..\QDarkStyleSheet\transparent.png">
      <Filter>Resource Files</Filter>
    </Image>
    <Image Include="..\QDarkStyleSheet\right_arrow_disabled.png">
      <Filter>Resource Files</Filter>
    </Image>
    <Image Include="..\QDarkStyleSheet\sizegrip.png">
      <Filter>Resource Files</Filter>
    </Image>
    <Image Include="..\QDarkStyleSheet\close.png">
      <Filter>Resource Files</Filter>
    </Image>
    <Image Include="..\QDarkStyleSheet\close-hover.png">
      <Filter>Resource Files</Filter>
    </Image>
    <Image Include="..\QDarkStyleSheet\close-pressed.png">
      <Filter>Resource Files</Filter>
    </Image>
    <Image Include="..\QDarkStyleSheet\down_arrow.png">
      <Filter>Resource Files</Filter>
    </Image>
    <Image Include="..\QDarkStyleSheet\Vmovetoolbar.png">
      <Filter>Resource Files</Filter>
    </Image>
    <Image Include="..\QDarkStyleSheet\left_arrow.png">
      <Filter>Resource Files</Filter>
    </Image>
    <Image Include="..\QDarkStyleSheet\stylesheet-branch-more.png">
      <Filter>Resource Files</Filter>
    </Image>
    <Image Include="..\QDarkStyleSheet\up_arrow.png">
      <Filter>Resource Files</Filter>
    </Image>
    <Image Include="..\QDarkStyleSheet\right_arrow.png">
      <Filter>Resource Files</Filter>
    </Image>
    <Image Include="..\QDarkStyleSheet\left_arrow_disabled.png">
      <Filter>Resource Files</Filter>
    </Image>
    <Image Include="..\QDarkStyleSheet\Hsepartoolbar.png">
      <Filter>Resource Files</Filter>
    </Image>
    <Image Include="..\QDarkStyleSheet\branch_open.png">
      <Filter>Resource Files</Filter>
    </Image>
    <Image Include="..\QDarkStyleSheet\Vsepartoolbar.png">
      <Filter>Resource Files</Filter>
    </Image>
    <Image Include="..\QDarkStyleSheet\down_arrow_disabled.png">
      <Filter>Resource Files</Filter>
    </Image>
    <Image Include="..\QDarkStyleSheet\undock.png">
      <Filter>Resource Files</Filter>
    </Image>
    <Image Include="..\QDarkStyleSheet\checkbox_checked_disabled.png">
      <Filter>Resource Files</Filter>
    </Image>
    <Image Include="..\QDarkStyleSheet\checkbox_checked_focus.png">
      <Filter>Resource Files</Filter>
    </Image>
    <Image Include="..\QDarkStyleSheet\checkbox_checked.png">
      <Filter>Resource Files</Filter>
    </Image>
    <Image Include="..\QDarkStyleSheet\checkbox_indeterminate.png">
      <Filter>Resource Files</Filter>
    </Image>
    <Image Include="..\QDarkStyleSheet\checkbox_indeterminate_focus.png">
      <Filter>Resource Files</Filter>
    </Image>
    <Image Include="..\QDarkStyleSheet\checkbox_unchecked_disabled.png">
      <Filter>Resource Files</Filter>
    </Image>
    <Image Include="..\QDarkStyleSheet\checkbox_unchecked_focus.png">
      <Filter>Resource Files</Filter>
    </Image>
    <Image Include="..\QDarkStyleSheet\checkbox_unchecked.png">
      <Filter>Resource Files</Filter>
    </Image>
    <Image Include="..\QDarkStyleSheet\radio_checked_disabled.png">
      <Filter>Resource Files</Filter>
    </Image>
    <Image Include="..\QDarkStyleSheet\radio_checked_focus.png">
      <Filter>Resource Files</Filter>
    </Image>
    <Image Include="..\QDarkStyleSheet\radio_checked.png">
      <Filter>Resource Files</Filter>
    </Image>
    <Image Include="..\QDarkStyleSheet\radio_unchecked_disabled.png">
      <Filter>Resource Files</Filter>
    </Image>
    <Image Include="..\QDarkStyleSheet\radio_unchecked_focus.png">
      <Filter>Resource Files</Filter>
    </Image>
    <Image Include="..\QDarkStyleSheet\radio_unchecked.png">
      <Filter>Resource Files</Filter>
    </Image>
    <Image Include="Resources\up_arrow_disabled.png">
      <Filter>Resource Files</Filter>
    </Image>
    <Image Include="Resources\Hmovetoolbar.png">
      <Filter>Resource Files</Filter>
    </Image>
    <Image Include="Resources\stylesheet-branch-end.png">
      <Filter>Resource Files</Filter>
    </Image>
    <Image Include="Resources\branch_closed-on.png">
      <Filter>Resource Files</Filter>
    </Image>
    <Image Include="Resources\stylesheet-vline.png">
      <Filter>Resource Files</Filter>
    </Image>
    <Image Include="Resources\branch_closed.png">
      <Filter>Resource Files</Filter>
    </Image>
    <Image Include="Resources\branch_open-on.png">
      <Filter>Resource Files</Filter>
    </Image>
    <Image Include="Resources\transparent.png">
      <Filter>Resource Files</Filter>
    </Image>
    <Image Include="Resources\right_arrow_disabled.png">
      <Filter>Resource Files</Filter>
    </Image>
    <Image Include="Resources\sizegrip.png">
      <Filter>Resource Files</Filter>
    </Image>
    <Image Include="Resources\close.png">
      <Filter>Resource Files</Filter>
    </Image>
    <Image Include="Resources\close-hover.png">
      <Filter>Resource Files</Filter>
    </Image>
    <Image Include="Resources\close-pressed.png">
      <Filter>Resource Files</Filter>
    </Image>
    <Image Include="Resources\down_arrow.png">
      <Filter>Resource Files</Filter>
    </Image>
    <Image Include="Resources\Vmovetoolbar.png">
      <Filter>Resource Files</Filter>
    </Image>
    <Image Include="Resources\left_arrow.png">
      <Filter>Resource Files</Filter>
    </Image>
    <Image Include="Resources\stylesheet-branch-more.png">
      <Filter>Resource Files</Filter>
    </Image>
    <Image Include="Resources\up_arrow.png">
      <Filter>Resource Files</Filter>
    </Image>
    <Image Include="Resources\right_arrow.png">
      <Filter>Resource Files</Filter>
    </Image>
    <Image Include="Resources\left_arrow_disabled.png">
      <Filter>Resource Files</Filter>
    </Image>
    <Image Include="Resources\Hsepartoolbar.png">
      <Filter>Resource Files</Filter>
    </Image>
    <Image Include="Resources\branch_open.png">
      <Filter>Resource Files</Filter>
    </Image>
    <Image Include="Resources\Vsepartoolbar.png">
      <Filter>Resource Files</Filter>
    </Image>
    <Image Include="Resources\down_arrow_disabled.png">
      <Filter>Resource Files</Filter>
    </Image>
    <Image Include="Resources\undock.png">
      <Filter>Resource Files</Filter>
    </Image>
    <Image Include="Resources\checkbox_checked_disabled.png">
      <Filter>Resource Files</Filter>
    </Image>
    <Image Include="Resources\checkbox_checked_focus.png">
      <Filter>Resource Files</Filter>
    </Image>
    <Image Include="Resources\checkbox_checked.png">
      <Filter>Resource Files</Filter>
    </Image>
    <Image Include="Resources\checkbox_indeterminate.png">
      <Filter>Resource Files</Filter>
    </Image>
    <Image Include="Resources\checkbox_indeterminate_focus.png">
      <Filter>Resource Files</Filter>
    </Image>
    <Image Include="Resources\checkbox_unchecked_disabled.png">
      <Filter>Resource Files</Filter>
    </Image>
    <Image Include="Resources\checkbox_unchecked_focus.png">
      <Filter>Resource Files</Filter>
    </Image>
    <Image Include="Resources\checkbox_unchecked.png">
      <Filter>Resource Files</Filter>
    </Image>
    <Image Include="Resources\radio_checked_disabled.png">
      <Filter>Resource Files</Filter>
    </Image>
    <Image Include="Resources\radio_checked_focus.png">
      <Filter>Resource Files</Filter>
    </Image>
    <Image Include="Resources\radio_checked.png">
      <Filter>Resource Files</Filter>
    </Image>
    <Image Include="Resources\radio_unchecked_disabled.png">
      <Filter>Resource Files</Filter>
    </Image>
    <Image Include="Resources\radio_unchecked_focus.png">
      <Filter>Resource Files</Filter>
    </Image>
    <Image Include="Resources\radio_unchecked.png">
      <Filter>Resource Files</Filter>
    </Image>
  </ItemGroup>
  <ItemGroup>
    <None Include="..\QDarkStyleSheet\style.qss">
      <Filter>Resource Files</Filter>
    </None>
  </ItemGroup>
</Project>